
Microsoft Visual Studio Solution File, Format Version 12.00
# Visual Studio Version 17
VisualStudioVersion = 17.9.34728.123
MinimumVisualStudioVersion = 10.0.40219.1
Project("{FAE04EC0-301F-11D3-BF4B-00C04F79EFBC}") = "NguyenVoAnhThu_KTBH", "NguyenVoAnhThu_KTBH.csproj", "{A83330B6-260A-446D-9482-B9E4526AC1BF}"
EndProject
Global
	GlobalSection(SolutionConfigurationPlatforms) = preSolution
		Debug|Any CPU = Debug|Any CPU
		Release|Any CPU = Release|Any CPU
	EndGlobalSection
	GlobalSection(ProjectConfigurationPlatforms) = postSolution
		{A83330B6-260A-446D-9482-B9E4526AC1BF}.Debug|Any CPU.ActiveCfg = Debug|Any CPU
		{A83330B6-260A-446D-9482-B9E4526AC1BF}.Debug|Any CPU.Build.0 = Debug|Any CPU
		{A83330B6-260A-446D-9482-B9E4526AC1BF}.Release|Any CPU.ActiveCfg = Release|Any CPU
		{A83330B6-260A-446D-9482-B9E4526AC1BF}.Release|Any CPU.Build.0 = Release|Any CPU
	EndGlobalSection
	GlobalSection(SolutionProperties) = preSolution
		HideSolutionNode = FALSE
	EndGlobalSection
	GlobalSection(ExtensibilityGlobals) = postSolution
		SolutionGuid = {9B075CC4-34AC-414A-BB21-06F63F1BE02D}
	EndGlobalSection
EndGlobal
